// !$*UTF8*$!
{
	archiveVersion = 1;
	classes = {
	};
	objectVersion = 77;
	objects = {

/* Begin PBXBuildFile section */
		5A0D94162E6DFB62008C48E2 /* StoriesKit in Frameworks */ = {isa = PBXBuildFile; productRef = 5A0D94152E6DFB62008C48E2 /* StoriesKit */; };
		5A0D94182E6DFB62008C48E2 /* Example in Frameworks */ = {isa = PBXBuildFile; productRef = 5A0D94172E6DFB62008C48E2 /* Example */; };
/* End PBXBuildFile section */

/* Begin PBXContainerItemProxy section */
		5A0D93EB2E6DFAA1008C48E2 /* PBXContainerItemProxy */ = {
			isa = PBXContainerItemProxy;
			containerPortal = 5A0D93D42E6DFAA0008C48E2 /* Project object */;
			proxyType = 1;
			remoteGlobalIDString = 5A0D93DB2E6DFAA0008C48E2;
			remoteInfo = StoriesExample;
		};
		5A0D93F52E6DFAA1008C48E2 /* PBXContainerItemProxy */ = {
			isa = PBXContainerItemProxy;
			containerPortal = 5A0D93D42E6DFAA0008C48E2 /* Project object */;
			proxyType = 1;
			remoteGlobalIDString = 5A0D93DB2E6DFAA0008C48E2;
			remoteInfo = StoriesExample;
		};
/* End PBXContainerItemProxy section */

/* Begin PBXFileReference section */
		5A0D93DC2E6DFAA0008C48E2 /* StoriesExample.app */ = {isa = PBXFileReference; explicitFileType = wrapper.application; includeInIndex = 0; path = StoriesExample.app; sourceTree = BUILT_PRODUCTS_DIR; };
		5A0D93EA2E6DFAA1008C48E2 /* StoriesExampleTests.xctest */ = {isa = PBXFileReference; explicitFileType = wrapper.cfbundle; includeInIndex = 0; path = StoriesExampleTests.xctest; sourceTree = BUILT_PRODUCTS_DIR; };
		5A0D93F42E6DFAA1008C48E2 /* StoriesExampleUITests.xctest */ = {isa = PBXFileReference; explicitFileType = wrapper.cfbundle; includeInIndex = 0; path = StoriesExampleUITests.xctest; sourceTree = BUILT_PRODUCTS_DIR; };
/* End PBXFileReference section */

/* Begin PBXFileSystemSynchronizedRootGroup section */
		5A0D93DE2E6DFAA0008C48E2 /* StoriesExample */ = {
			isa = PBXFileSystemSynchronizedRootGroup;
			path = StoriesExample;
			sourceTree = "<group>";
		};
		5A0D93ED2E6DFAA1008C48E2 /* StoriesExampleTests */ = {
			isa = PBXFileSystemSynchronizedRootGroup;
			path = StoriesExampleTests;
			sourceTree = "<group>";
		};
		5A0D93F72E6DFAA1008C48E2 /* StoriesExampleUITests */ = {
			isa = PBXFileSystemSynchronizedRootGroup;
			path = StoriesExampleUITests;
			sourceTree = "<group>";
		};
/* End PBXFileSystemSynchronizedRootGroup section */

/* Begin PBXFrameworksBuildPhase section */
		5A0D93D92E6DFAA0008C48E2 /* Frameworks */ = {
			isa = PBXFrameworksBuildPhase;
			buildActionMask = 2147483647;
			files = (
				5A0D94162E6DFB62008C48E2 /* StoriesKit in Frameworks */,
				5A0D94182E6DFB62008C48E2 /* Example in Frameworks */,
			);
			runOnlyForDeploymentPostprocessing = 0;
		};
		5A0D93E72E6DFAA1008C48E2 /* Frameworks */ = {
			isa = PBXFrameworksBuildPhase;
			buildActionMask = 2147483647;
			files = (
			);
			runOnlyForDeploymentPostprocessing = 0;
		};
		5A0D93F12E6DFAA1008C48E2 /* Frameworks */ = {
			isa = PBXFrameworksBuildPhase;
			buildActionMask = 2147483647;
			files = (
			);
			runOnlyForDeploymentPostprocessing = 0;
		};
/* End PBXFrameworksBuildPhase section */

/* Begin PBXGroup section */
		5A0D93D32E6DFAA0008C48E2 = {
			isa = PBXGroup;
			children = (
				5A0D93DE2E6DFAA0008C48E2 /* StoriesExample */,
				5A0D93ED2E6DFAA1008C48E2 /* StoriesExampleTests */,
				5A0D93F72E6DFAA1008C48E2 /* StoriesExampleUITests */,
				5A0D93DD2E6DFAA0008C48E2 /* Products */,
			);
			sourceTree = "<group>";
		};
		5A0D93DD2E6DFAA0008C48E2 /* Products */ = {
			isa = PBXGroup;
			children = (
				5A0D93DC2E6DFAA0008C48E2 /* StoriesExample.app */,
				5A0D93EA2E6DFAA1008C48E2 /* StoriesExampleTests.xctest */,
				5A0D93F42E6DFAA1008C48E2 /* StoriesExampleUITests.xctest */,
			);
			name = Products;
			sourceTree = "<group>";
		};
/* End PBXGroup section */

/* Begin PBXNativeTarget section */
		5A0D93DB2E6DFAA0008C48E2 /* StoriesExample */ = {
			isa = PBXNativeTarget;
			buildConfigurationList = 5A0D93FE2E6DFAA1008C48E2 /* Build configuration list for PBXNativeTarget "StoriesExample" */;
			buildPhases = (
				5A0D93D82E6DFAA0008C48E2 /* Sources */,
				5A0D93D92E6DFAA0008C48E2 /* Frameworks */,
				5A0D93DA2E6DFAA0008C48E2 /* Resources */,
			);
			buildRules = (
			);
			dependencies = (
			);
			fileSystemSynchronizedGroups = (
				5A0D93DE2E6DFAA0008C48E2 /* StoriesExample */,
			);
			name = StoriesExample;
			packageProductDependencies = (
				5A0D94152E6DFB62008C48E2 /* StoriesKit */,
				5A0D94172E6DFB62008C48E2 /* Example */,
			);
			productName = StoriesExample;
			productReference = 5A0D93DC2E6DFAA0008C48E2 /* StoriesExample.app */;
			productType = "com.apple.product-type.application";
		};
		5A0D93E92E6DFAA1008C48E2 /* StoriesExampleTests */ = {
			isa = PBXNativeTarget;
			buildConfigurationList = 5A0D94012E6DFAA1008C48E2 /* Build configuration list for PBXNativeTarget "StoriesExampleTests" */;
			buildPhases = (
				5A0D93E62E6DFAA1008C48E2 /* Sources */,
				5A0D93E72E6DFAA1008C48E2 /* Frameworks */,
				5A0D93E82E6DFAA1008C48E2 /* Resources */,
			);
			buildRules = (
			);
			dependencies = (
				5A0D93EC2E6DFAA1008C48E2 /* PBXTargetDependency */,
			);
			fileSystemSynchronizedGroups = (
				5A0D93ED2E6DFAA1008C48E2 /* StoriesExampleTests */,
			);
			name = StoriesExampleTests;
			packageProductDependencies = (
			);
			productName = StoriesExampleTests;
			productReference = 5A0D93EA2E6DFAA1008C48E2 /* StoriesExampleTests.xctest */;
			productType = "com.apple.product-type.bundle.unit-test";
		};
		5A0D93F32E6DFAA1008C48E2 /* StoriesExampleUITests */ = {
			isa = PBXNativeTarget;
			buildConfigurationList = 5A0D94042E6DFAA1008C48E2 /* Build configuration list for PBXNativeTarget "StoriesExampleUITests" */;
			buildPhases = (
				5A0D93F02E6DFAA1008C48E2 /* Sources */,
				5A0D93F12E6DFAA1008C48E2 /* Frameworks */,
				5A0D93F22E6DFAA1008C48E2 /* Resources */,
			);
			buildRules = (
			);
			dependencies = (
				5A0D93F62E6DFAA1008C48E2 /* PBXTargetDependency */,
			);
			fileSystemSynchronizedGroups = (
				5A0D93F72E6DFAA1008C48E2 /* StoriesExampleUITests */,
			);
			name = StoriesExampleUITests;
			packageProductDependencies = (
			);
			productName = StoriesExampleUITests;
			productReference = 5A0D93F42E6DFAA1008C48E2 /* StoriesExampleUITests.xctest */;
			productType = "com.apple.product-type.bundle.ui-testing";
		};
/* End PBXNativeTarget section */

/* Begin PBXProject section */
		5A0D93D42E6DFAA0008C48E2 /* Project object */ = {
			isa = PBXProject;
			attributes = {
				BuildIndependentTargetsInParallel = 1;
				LastSwiftUpdateCheck = 1640;
				LastUpgradeCheck = 1640;
				TargetAttributes = {
					5A0D93DB2E6DFAA0008C48E2 = {
						CreatedOnToolsVersion = 16.4;
					};
					5A0D93E92E6DFAA1008C48E2 = {
						CreatedOnToolsVersion = 16.4;
						TestTargetID = 5A0D93DB2E6DFAA0008C48E2;
					};
					5A0D93F32E6DFAA1008C48E2 = {
						CreatedOnToolsVersion = 16.4;
						TestTargetID = 5A0D93DB2E6DFAA0008C48E2;
					};
				};
			};
			buildConfigurationList = 5A0D93D72E6DFAA0008C48E2 /* Build configuration list for PBXProject "StoriesExample" */;
			developmentRegion = en;
			hasScannedForEncodings = 0;
			knownRegions = (
				en,
				Base,
			);
			mainGroup = 5A0D93D32E6DFAA0008C48E2;
			minimizedProjectReferenceProxies = 1;
			packageReferences = (
				5A0D94142E6DFB62008C48E2 /* XCLocalSwiftPackageReference "../../../StoriesKit" */,
			);
			preferredProjectObjectVersion = 77;
			productRefGroup = 5A0D93DD2E6DFAA0008C48E2 /* Products */;
			projectDirPath = "";
			projectRoot = "";
			targets = (
				5A0D93DB2E6DFAA0008C48E2 /* StoriesExample */,
				5A0D93E92E6DFAA1008C48E2 /* StoriesExampleTests */,
				5A0D93F32E6DFAA1008C48E2 /* StoriesExampleUITests */,
			);
		};
/* End PBXProject section */

/* Begin PBXResourcesBuildPhase section */
		5A0D93DA2E6DFAA0008C48E2 /* Resources */ = {
			isa = PBXResourcesBuildPhase;
			buildActionMask = 2147483647;
			files = (
			);
			runOnlyForDeploymentPostprocessing = 0;
		};
		5A0D93E82E6DFAA1008C48E2 /* Resources */ = {
			isa = PBXResourcesBuildPhase;
			buildActionMask = 2147483647;
			files = (
			);
			runOnlyForDeploymentPostprocessing = 0;
		};
		5A0D93F22E6DFAA1008C48E2 /* Resources */ = {
			isa = PBXResourcesBuildPhase;
			buildActionMask = 2147483647;
			files = (
			);
			runOnlyForDeploymentPostprocessing = 0;
		};
/* End PBXResourcesBuildPhase section */

/* Begin PBXSourcesBuildPhase section */
		5A0D93D82E6DFAA0008C48E2 /* Sources */ = {
			isa = PBXSourcesBuildPhase;
			buildActionMask = 2147483647;
			files = (
			);
			runOnlyForDeploymentPostprocessing = 0;
		};
		5A0D93E62E6DFAA1008C48E2 /* Sources */ = {
			isa = PBXSourcesBuildPhase;
			buildActionMask = 2147483647;
			files = (
			);
			runOnlyForDeploymentPostprocessing = 0;
		};
		5A0D93F02E6DFAA1008C48E2 /* Sources */ = {
			isa = PBXSourcesBuildPhase;
			buildActionMask = 2147483647;
			files = (
			);
			runOnlyForDeploymentPostprocessing = 0;
		};
/* End PBXSourcesBuildPhase section */

/* Begin PBXTargetDependency section */
		5A0D93EC2E6DFAA1008C48E2 /* PBXTargetDependency */ = {
			isa = PBXTargetDependency;
			target = 5A0D93DB2E6DFAA0008C48E2 /* StoriesExample */;
			targetProxy = 5A0D93EB2E6DFAA1008C48E2 /* PBXContainerItemProxy */;
		};
		5A0D93F62E6DFAA1008C48E2 /* PBXTargetDependency */ = {
			isa = PBXTargetDependency;
			target = 5A0D93DB2E6DFAA0008C48E2 /* StoriesExample */;
			targetProxy = 5A0D93F52E6DFAA1008C48E2 /* PBXContainerItemProxy */;
		};
/* End PBXTargetDependency section */

/* Begin XCBuildConfiguration section */
		5A0D93FC2E6DFAA1008C48E2 /* Debug */ = {
			isa = XCBuildConfiguration;
			buildSettings = {
				ALWAYS_SEARCH_USER_PATHS = NO;
				ASSETCATALOG_COMPILER_GENERATE_SWIFT_ASSET_SYMBOL_EXTENSIONS = YES;
				CLANG_ANALYZER_NONNULL = YES;
				CLANG_ANALYZER_NUMBER_OBJECT_CONVERSION = YES_AGGRESSIVE;
				CLANG_CXX_LANGUAGE_STANDARD = "gnu++20";
				CLANG_ENABLE_MODULES = YES;
				CLANG_ENABLE_OBJC_ARC = YES;
				CLANG_ENABLE_OBJC_WEAK = YES;
				CLANG_WARN_BLOCK_CAPTURE_AUTORELEASING = YES;
				CLANG_WARN_BOOL_CONVERSION = YES;
				CLANG_WARN_COMMA = YES;
				CLANG_WARN_CONSTANT_CONVERSION = YES;
				CLANG_WARN_DEPRECATED_OBJC_IMPLEMENTATIONS = YES;
				CLANG_WARN_DIRECT_OBJC_ISA_USAGE = YES_ERROR;
				CLANG_WARN_DOCUMENTATION_COMMENTS = YES;
				CLANG_WARN_EMPTY_BODY = YES;
				CLANG_WARN_ENUM_CONVERSION = YES;
				CLANG_WARN_INFINITE_RECURSION = YES;
				CLANG_WARN_INT_CONVERSION = YES;
				CLANG_WARN_NON_LITERAL_NULL_CONVERSION = YES;
				CLANG_WARN_OBJC_IMPLICIT_RETAIN_SELF = YES;
				CLANG_WARN_OBJC_LITERAL_CONVERSION = YES;
				CLANG_WARN_OBJC_ROOT_CLASS = YES_ERROR;
				CLANG_WARN_QUOTED_INCLUDE_IN_FRAMEWORK_HEADER = YES;
				CLANG_WARN_RANGE_LOOP_ANALYSIS = YES;
				CLANG_WARN_STRICT_PROTOTYPES = YES;
				CLANG_WARN_SUSPICIOUS_MOVE = YES;
				CLANG_WARN_UNGUARDED_AVAILABILITY = YES_AGGRESSIVE;
				CLANG_WARN_UNREACHABLE_CODE = YES;
				CLANG_WARN__DUPLICATE_METHOD_MATCH = YES;
				COPY_PHASE_STRIP = NO;
				DEBUG_INFORMATION_FORMAT = dwarf;
				DEVELOPMENT_TEAM = 764W7G7Y88;
				ENABLE_STRICT_OBJC_MSGSEND = YES;
				ENABLE_TESTABILITY = YES;
				ENABLE_USER_SCRIPT_SANDBOXING = YES;
				GCC_C_LANGUAGE_STANDARD = gnu17;
				GCC_DYNAMIC_NO_PIC = NO;
				GCC_NO_COMMON_BLOCKS = YES;
				GCC_OPTIMIZATION_LEVEL = 0;
				GCC_PREPROCESSOR_DEFINITIONS = (
					"DEBUG=1",
					"$(inherited)",
				);
				GCC_WARN_64_TO_32_BIT_CONVERSION = YES;
				GCC_WARN_ABOUT_RETURN_TYPE = YES_ERROR;
				GCC_WARN_UNDECLARED_SELECTOR = YES;
				GCC_WARN_UNINITIALIZED_AUTOS = YES_AGGRESSIVE;
				GCC_WARN_UNUSED_FUNCTION = YES;
				GCC_WARN_UNUSED_VARIABLE = YES;
				LOCALIZATION_PREFERS_STRING_CATALOGS = YES;
				MTL_ENABLE_DEBUG_INFO = INCLUDE_SOURCE;
				MTL_FAST_MATH = YES;
				ONLY_ACTIVE_ARCH = YES;
				SWIFT_ACTIVE_COMPILATION_CONDITIONS = "DEBUG $(inherited)";
				SWIFT_OPTIMIZATION_LEVEL = "-Onone";
			};
			name = Debug;
		};
		5A0D93FD2E6DFAA1008C48E2 /* Release */ = {
			isa = XCBuildConfiguration;
			buildSettings = {
				ALWAYS_SEARCH_USER_PATHS = NO;
				ASSETCATALOG_COMPILER_GENERATE_SWIFT_ASSET_SYMBOL_EXTENSIONS = YES;
				CLANG_ANALYZER_NONNULL = YES;
				CLANG_ANALYZER_NUMBER_OBJECT_CONVERSION = YES_AGGRESSIVE;
				CLANG_CXX_LANGUAGE_STANDARD = "gnu++20";
				CLANG_ENABLE_MODULES = YES;
				CLANG_ENABLE_OBJC_ARC = YES;
				CLANG_ENABLE_OBJC_WEAK = YES;
				CLANG_WARN_BLOCK_CAPTURE_AUTORELEASING = YES;
				CLANG_WARN_BOOL_CONVERSION = YES;
				CLANG_WARN_COMMA = YES;
				CLANG_WARN_CONSTANT_CONVERSION = YES;
				CLANG_WARN_DEPRECATED_OBJC_IMPLEMENTATIONS = YES;
				CLANG_WARN_DIRECT_OBJC_ISA_USAGE = YES_ERROR;
				CLANG_WARN_DOCUMENTATION_COMMENTS = YES;
				CLANG_WARN_EMPTY_BODY = YES;
				CLANG_WARN_ENUM_CONVERSION = YES;
				CLANG_WARN_INFINITE_RECURSION = YES;
				CLANG_WARN_INT_CONVERSION = YES;
				CLANG_WARN_NON_LITERAL_NULL_CONVERSION = YES;
				CLANG_WARN_OBJC_IMPLICIT_RETAIN_SELF = YES;
				CLANG_WARN_OBJC_LITERAL_CONVERSION = YES;
				CLANG_WARN_OBJC_ROOT_CLASS = YES_ERROR;
				CLANG_WARN_QUOTED_INCLUDE_IN_FRAMEWORK_HEADER = YES;
				CLANG_WARN_RANGE_LOOP_ANALYSIS = YES;
				CLANG_WARN_STRICT_PROTOTYPES = YES;
				CLANG_WARN_SUSPICIOUS_MOVE = YES;
				CLANG_WARN_UNGUARDED_AVAILABILITY = YES_AGGRESSIVE;
				CLANG_WARN_UNREACHABLE_CODE = YES;
				CLANG_WARN__DUPLICATE_METHOD_MATCH = YES;
				COPY_PHASE_STRIP = NO;
				DEBUG_INFORMATION_FORMAT = "dwarf-with-dsym";
				DEVELOPMENT_TEAM = 764W7G7Y88;
				ENABLE_NS_ASSERTIONS = NO;
				ENABLE_STRICT_OBJC_MSGSEND = YES;
				ENABLE_USER_SCRIPT_SANDBOXING = YES;
				GCC_C_LANGUAGE_STANDARD = gnu17;
				GCC_NO_COMMON_BLOCKS = YES;
				GCC_WARN_64_TO_32_BIT_CONVERSION = YES;
				GCC_WARN_ABOUT_RETURN_TYPE = YES_ERROR;
				GCC_WARN_UNDECLARED_SELECTOR = YES;
				GCC_WARN_UNINITIALIZED_AUTOS = YES_AGGRESSIVE;
				GCC_WARN_UNUSED_FUNCTION = YES;
				GCC_WARN_UNUSED_VARIABLE = YES;
				LOCALIZATION_PREFERS_STRING_CATALOGS = YES;
				MTL_ENABLE_DEBUG_INFO = NO;
				MTL_FAST_MATH = YES;
				SWIFT_COMPILATION_MODE = wholemodule;
			};
			name = Release;
		};
		5A0D93FF2E6DFAA1008C48E2 /* Debug */ = {
			isa = XCBuildConfiguration;
			buildSettings = {
				ASSETCATALOG_COMPILER_APPICON_NAME = AppIcon;
				ASSETCATALOG_COMPILER_GLOBAL_ACCENT_COLOR_NAME = AccentColor;
				CODE_SIGN_ENTITLEMENTS = StoriesExample/StoriesExample.entitlements;
				CODE_SIGN_STYLE = Automatic;
				CURRENT_PROJECT_VERSION = 1;
				DEVELOPMENT_TEAM = 764W7G7Y88;
				ENABLE_HARDENED_RUNTIME = YES;
				ENABLE_PREVIEWS = YES;
				GENERATE_INFOPLIST_FILE = YES;
				"INFOPLIST_KEY_UIApplicationSceneManifest_Generation[sdk=iphoneos*]" = YES;
				"INFOPLIST_KEY_UIApplicationSceneManifest_Generation[sdk=iphonesimulator*]" = YES;
				"INFOPLIST_KEY_UIApplicationSupportsIndirectInputEvents[sdk=iphoneos*]" = YES;
				"INFOPLIST_KEY_UIApplicationSupportsIndirectInputEvents[sdk=iphonesimulator*]" = YES;
				"INFOPLIST_KEY_UILaunchScreen_Generation[sdk=iphoneos*]" = YES;
				"INFOPLIST_KEY_UILaunchScreen_Generation[sdk=iphonesimulator*]" = YES;
				"INFOPLIST_KEY_UIStatusBarStyle[sdk=iphoneos*]" = UIStatusBarStyleDefault;
				"INFOPLIST_KEY_UIStatusBarStyle[sdk=iphonesimulator*]" = UIStatusBarStyleDefault;
				INFOPLIST_KEY_UISupportedInterfaceOrientations = UIInterfaceOrientationPortrait;
				INFOPLIST_KEY_UISupportedInterfaceOrientations_iPad = "UIInterfaceOrientationLandscapeLeft UIInterfaceOrientationLandscapeRight UIInterfaceOrientationPortrait UIInterfaceOrientationPortraitUpsideDown";
				IPHONEOS_DEPLOYMENT_TARGET = 15.0;
				LD_RUNPATH_SEARCH_PATHS = "@executable_path/Frameworks";
				"LD_RUNPATH_SEARCH_PATHS[sdk=macosx*]" = "@executable_path/../Frameworks";
				MACOSX_DEPLOYMENT_TARGET = 15.5;
				MARKETING_VERSION = 1.0;
				PRODUCT_BUNDLE_IDENTIFIER = stories.example.StoriesExample;
				PRODUCT_NAME = "$(TARGET_NAME)";
				REGISTER_APP_GROUPS = YES;
				SDKROOT = auto;
				SUPPORTED_PLATFORMS = "iphoneos iphonesimulator";
				SUPPORTS_MACCATALYST = NO;
				SWIFT_EMIT_LOC_STRINGS = YES;
				SWIFT_VERSION = 5.0;
				TARGETED_DEVICE_FAMILY = 1;
				XROS_DEPLOYMENT_TARGET = 2.5;
			};
			name = Debug;
		};
		5A0D94002E6DFAA1008C48E2 /* Release */ = {
			isa = XCBuildConfiguration;
			buildSettings = {
				ASSETCATALOG_COMPILER_APPICON_NAME = AppIcon;
				ASSETCATALOG_COMPILER_GLOBAL_ACCENT_COLOR_NAME = AccentColor;
				CODE_SIGN_ENTITLEMENTS = StoriesExample/StoriesExample.entitlements;
				CODE_SIGN_STYLE = Automatic;
				CURRENT_PROJECT_VERSION = 1;
				DEVELOPMENT_TEAM = 764W7G7Y88;
				ENABLE_HARDENED_RUNTIME = YES;
				ENABLE_PREVIEWS = YES;
				GENERATE_INFOPLIST_FILE = YES;
				"INFOPLIST_KEY_UIApplicationSceneManifest_Generation[sdk=iphoneos*]" = YES;
				"INFOPLIST_KEY_UIApplicationSceneManifest_Generation[sdk=iphonesimulator*]" = YES;
				"INFOPLIST_KEY_UIApplicationSupportsIndirectInputEvents[sdk=iphoneos*]" = YES;
				"INFOPLIST_KEY_UIApplicationSupportsIndirectInputEvents[sdk=iphonesimulator*]" = YES;
				"INFOPLIST_KEY_UILaunchScreen_Generation[sdk=iphoneos*]" = YES;
				"INFOPLIST_KEY_UILaunchScreen_Generation[sdk=iphonesimulator*]" = YES;
				"INFOPLIST_KEY_UIStatusBarStyle[sdk=iphoneos*]" = UIStatusBarStyleDefault;
				"INFOPLIST_KEY_UIStatusBarStyle[sdk=iphonesimulator*]" = UIStatusBarStyleDefault;
				INFOPLIST_KEY_UISupportedInterfaceOrientations = UIInterfaceOrientationPortrait;
				INFOPLIST_KEY_UISupportedInterfaceOrientations_iPad = "UIInterfaceOrientationLandscapeLeft UIInterfaceOrientationLandscapeRight UIInterfaceOrientationPortrait UIInterfaceOrientationPortraitUpsideDown";
				IPHONEOS_DEPLOYMENT_TARGET = 15.0;
				LD_RUNPATH_SEARCH_PATHS = "@executable_path/Frameworks";
				"LD_RUNPATH_SEARCH_PATHS[sdk=macosx*]" = "@executable_path/../Frameworks";
				MACOSX_DEPLOYMENT_TARGET = 15.5;
				MARKETING_VERSION = 1.0;
				PRODUCT_BUNDLE_IDENTIFIER = stories.example.StoriesExample;
				PRODUCT_NAME = "$(TARGET_NAME)";
				REGISTER_APP_GROUPS = YES;
				SDKROOT = auto;
				SUPPORTED_PLATFORMS = "iphoneos iphonesimulator";
				SUPPORTS_MACCATALYST = NO;
				SWIFT_EMIT_LOC_STRINGS = YES;
				SWIFT_VERSION = 5.0;
				TARGETED_DEVICE_FAMILY = 1;
				XROS_DEPLOYMENT_TARGET = 2.5;
			};
			name = Release;
		};
		5A0D94022E6DFAA1008C48E2 /* Debug */ = {
			isa = XCBuildConfiguration;
			buildSettings = {
				BUNDLE_LOADER = "$(TEST_HOST)";
				CODE_SIGN_STYLE = Automatic;
				CURRENT_PROJECT_VERSION = 1;
				DEVELOPMENT_TEAM = 764W7G7Y88;
				GENERATE_INFOPLIST_FILE = YES;
				IPHONEOS_DEPLOYMENT_TARGET = 18.5;
				MACOSX_DEPLOYMENT_TARGET = 15.5;
				MARKETING_VERSION = 1.0;
				PRODUCT_BUNDLE_IDENTIFIER = stories.example.StoriesExampleTests;
				PRODUCT_NAME = "$(TARGET_NAME)";
				SDKROOT = auto;
				SUPPORTED_PLATFORMS = "iphoneos iphonesimulator macosx xros xrsimulator";
				SWIFT_EMIT_LOC_STRINGS = NO;
				SWIFT_VERSION = 5.0;
				TARGETED_DEVICE_FAMILY = "1,2,7";
				TEST_HOST = "$(BUILT_PRODUCTS_DIR)/StoriesExample.app/$(BUNDLE_EXECUTABLE_FOLDER_PATH)/StoriesExample";
				XROS_DEPLOYMENT_TARGET = 2.5;
			};
			name = Debug;
		};
		5A0D94032E6DFAA1008C48E2 /* Release */ = {
			isa = XCBuildConfiguration;
			buildSettings = {
				BUNDLE_LOADER = "$(TEST_HOST)";
				CODE_SIGN_STYLE = Automatic;
				CURRENT_PROJECT_VERSION = 1;
				DEVELOPMENT_TEAM = 764W7G7Y88;
				GENERATE_INFOPLIST_FILE = YES;
				IPHONEOS_DEPLOYMENT_TARGET = 18.5;
				MACOSX_DEPLOYMENT_TARGET = 15.5;
				MARKETING_VERSION = 1.0;
				PRODUCT_BUNDLE_IDENTIFIER = stories.example.StoriesExampleTests;
				PRODUCT_NAME = "$(TARGET_NAME)";
				SDKROOT = auto;
				SUPPORTED_PLATFORMS = "iphoneos iphonesimulator macosx xros xrsimulator";
				SWIFT_EMIT_LOC_STRINGS = NO;
				SWIFT_VERSION = 5.0;
				TARGETED_DEVICE_FAMILY = "1,2,7";
				TEST_HOST = "$(BUILT_PRODUCTS_DIR)/StoriesExample.app/$(BUNDLE_EXECUTABLE_FOLDER_PATH)/StoriesExample";
				XROS_DEPLOYMENT_TARGET = 2.5;
			};
			name = Release;
		};
		5A0D94052E6DFAA1008C48E2 /* Debug */ = {
			isa = XCBuildConfiguration;
			buildSettings = {
				CODE_SIGN_STYLE = Automatic;
				CURRENT_PROJECT_VERSION = 1;
				DEVELOPMENT_TEAM = 764W7G7Y88;
				GENERATE_INFOPLIST_FILE = YES;
				IPHONEOS_DEPLOYMENT_TARGET = 18.5;
				MACOSX_DEPLOYMENT_TARGET = 15.5;
				MARKETING_VERSION = 1.0;
				PRODUCT_BUNDLE_IDENTIFIER = stories.example.StoriesExampleUITests;
				PRODUCT_NAME = "$(TARGET_NAME)";
				SDKROOT = auto;
				SUPPORTED_PLATFORMS = "iphoneos iphonesimulator macosx xros xrsimulator";
				SWIFT_EMIT_LOC_STRINGS = NO;
				SWIFT_VERSION = 5.0;
				TARGETED_DEVICE_FAMILY = "1,2,7";
				TEST_TARGET_NAME = StoriesExample;
				XROS_DEPLOYMENT_TARGET = 2.5;
			};
			name = Debug;
		};
		5A0D94062E6DFAA1008C48E2 /* Release */ = {
			isa = XCBuildConfiguration;
			buildSettings = {
				CODE_SIGN_STYLE = Automatic;
				CURRENT_PROJECT_VERSION = 1;
				DEVELOPMENT_TEAM = 764W7G7Y88;
				GENERATE_INFOPLIST_FILE = YES;
				IPHONEOS_DEPLOYMENT_TARGET = 18.5;
				MACOSX_DEPLOYMENT_TARGET = 15.5;
				MARKETING_VERSION = 1.0;
				PRODUCT_BUNDLE_IDENTIFIER = stories.example.StoriesExampleUITests;
				PRODUCT_NAME = "$(TARGET_NAME)";
				SDKROOT = auto;
				SUPPORTED_PLATFORMS = "iphoneos iphonesimulator macosx xros xrsimulator";
				SWIFT_EMIT_LOC_STRINGS = NO;
				SWIFT_VERSION = 5.0;
				TARGETED_DEVICE_FAMILY = "1,2,7";
				TEST_TARGET_NAME = StoriesExample;
				XROS_DEPLOYMENT_TARGET = 2.5;
			};
			name = Release;
		};
/* End XCBuildConfiguration section */

/* Begin XCConfigurationList section */
		5A0D93D72E6DFAA0008C48E2 /* Build configuration list for PBXProject "StoriesExample" */ = {
			isa = XCConfigurationList;
			buildConfigurations = (
				5A0D93FC2E6DFAA1008C48E2 /* Debug */,
				5A0D93FD2E6DFAA1008C48E2 /* Release */,
			);
			defaultConfigurationIsVisible = 0;
			defaultConfigurationName = Release;
		};
		5A0D93FE2E6DFAA1008C48E2 /* Build configuration list for PBXNativeTarget "StoriesExample" */ = {
			isa = XCConfigurationList;
			buildConfigurations = (
				5A0D93FF2E6DFAA1008C48E2 /* Debug */,
				5A0D94002E6DFAA1008C48E2 /* Release */,
			);
			defaultConfigurationIsVisible = 0;
			defaultConfigurationName = Release;
		};
		5A0D94012E6DFAA1008C48E2 /* Build configuration list for PBXNativeTarget "StoriesExampleTests" */ = {
			isa = XCConfigurationList;
			buildConfigurations = (
				5A0D94022E6DFAA1008C48E2 /* Debug */,
				5A0D94032E6DFAA1008C48E2 /* Release */,
			);
			defaultConfigurationIsVisible = 0;
			defaultConfigurationName = Release;
		};
		5A0D94042E6DFAA1008C48E2 /* Build configuration list for PBXNativeTarget "StoriesExampleUITests" */ = {
			isa = XCConfigurationList;
			buildConfigurations = (
				5A0D94052E6DFAA1008C48E2 /* Debug */,
				5A0D94062E6DFAA1008C48E2 /* Release */,
			);
			defaultConfigurationIsVisible = 0;
			defaultConfigurationName = Release;
		};
/* End XCConfigurationList section */

/* Begin XCLocalSwiftPackageReference section */
		5A0D94142E6DFB62008C48E2 /* XCLocalSwiftPackageReference "../../../StoriesKit" */ = {
			isa = XCLocalSwiftPackageReference;
			relativePath = ../../../StoriesKit;
		};
/* End XCLocalSwiftPackageReference section */

/* Begin XCSwiftPackageProductDependency section */
		5A0D94152E6DFB62008C48E2 /* StoriesKit */ = {
			isa = XCSwiftPackageProductDependency;
			productName = StoriesKit;
		};
		5A0D94172E6DFB62008C48E2 /* Example */ = {
			isa = XCSwiftPackageProductDependency;
			productName = Example;
		};
/* End XCSwiftPackageProductDependency section */
	};
	rootObject = 5A0D93D42E6DFAA0008C48E2 /* Project object */;
}
